
Microsoft Visual Studio Solution File, Format Version 12.00
# Visual Studio Version 17
VisualStudioVersion = 17.13.35818.85 d17.13
MinimumVisualStudioVersion = 10.0.40219.1
Project("{FAE04EC0-301F-11D3-BF4B-00C04F79EFBC}") = "AgendaActivitati", "AgendaActivitati.csproj", "{AE56DD61-1138-4392-83F7-B3ECE6D7DC7F}"
EndProject
Global
	GlobalSection(SolutionConfigurationPlatforms) = preSolution
		Debug|Any CPU = Debug|Any CPU
		Release|Any CPU = Release|Any CPU
	EndGlobalSection
	GlobalSection(ProjectConfigurationPlatforms) = postSolution
		{AE56DD61-1138-4392-83F7-B3ECE6D7DC7F}.Debug|Any CPU.ActiveCfg = Debug|Any CPU
		{AE56DD61-1138-4392-83F7-B3ECE6D7DC7F}.Debug|Any CPU.Build.0 = Debug|Any CPU
		{AE56DD61-1138-4392-83F7-B3ECE6D7DC7F}.Release|Any CPU.ActiveCfg = Release|Any CPU
		{AE56DD61-1138-4392-83F7-B3ECE6D7DC7F}.Release|Any CPU.Build.0 = Release|Any CPU
	EndGlobalSection
	GlobalSection(SolutionProperties) = preSolution
		HideSolutionNode = FALSE
	EndGlobalSection
	GlobalSection(ExtensibilityGlobals) = postSolution
		SolutionGuid = {8662FD53-8BB6-4BB7-BC09-23B97DBEA1CE}
	EndGlobalSection
EndGlobal
